
Microsoft Visual Studio Solution File, Format Version 12.00
# Visual Studio Version 16
VisualStudioVersion = 16.0.29905.134
MinimumVisualStudioVersion = 10.0.40219.1
Project("{9A19103F-16F7-4668-BE54-9A1E7A4F7556}") = "GenExampleT4", "GenExampleT4\GenExampleT4.csproj", "{8B171B42-60C8-4E1E-8ECA-9957F4DD9385}"
EndProject
Project("{FAE04EC0-301F-11D3-BF4B-00C04F79EFBC}") = "GenExampleCodeDOM", "GenExampleCodeDOM\GenExampleCodeDOM.csproj", "{E205BB6A-4A0C-4283-987A-1600FB3B8394}"
EndProject
Project("{9A19103F-16F7-4668-BE54-9A1E7A4F7556}") = "TargetCodeDOM", "TargetCodeDOM\TargetCodeDOM.csproj", "{6B6F5854-7089-442B-8A5F-03054F3A4F63}"
EndProject
Project("{2150E333-8FDC-42A3-9474-1A3956D46DE8}") = "5. Code Generation - Excel", "5. Code Generation - Excel", "{63DF6499-D32F-465D-B51B-8A95E0FB4469}"
	ProjectSection(SolutionItems) = preProject
		ExcelSqlCodeGen.xlsx = ExcelSqlCodeGen.xlsx
		PolygonCodeGenerator.xlsm = PolygonCodeGenerator.xlsm
	EndProjectSection
EndProject
Project("{9A19103F-16F7-4668-BE54-9A1E7A4F7556}") = "TargetRuntimeT4", "TargetRuntimeT4\TargetRuntimeT4.csproj", "{0E7DB009-9FF4-4442-BFEE-0F1DA00EB296}"
EndProject
Project("{2150E333-8FDC-42A3-9474-1A3956D46DE8}") = "3. CodeDOM - Code Generation", "3. CodeDOM - Code Generation", "{1533478B-E786-455F-9004-EFA7881063E0}"
EndProject
Project("{2150E333-8FDC-42A3-9474-1A3956D46DE8}") = "4. Code Generation - T4", "4. Code Generation - T4", "{AE9198EC-8B3B-43C1-BCEB-B974EEBEA29F}"
EndProject
Project("{2150E333-8FDC-42A3-9474-1A3956D46DE8}") = "4.1 static", "4.1 static", "{442E0F95-0276-47F2-8BD7-66133D2A4FFC}"
EndProject
Project("{2150E333-8FDC-42A3-9474-1A3956D46DE8}") = "4.2 dynamic", "4.2 dynamic", "{CA6B2D06-CAB2-463F-9572-C7588E1F28A4}"
EndProject
Project("{2150E333-8FDC-42A3-9474-1A3956D46DE8}") = "1. Models", "1. Models", "{01EAC29C-B1EA-4F91-81D8-51F3EBAEF56E}"
EndProject
Project("{9A19103F-16F7-4668-BE54-9A1E7A4F7556}") = "PolygonTestCircle", "PolygonTestCircle\PolygonTestCircle.csproj", "{B20F22F9-D649-4A1F-A5D4-BFCAA90FD225}"
EndProject
Project("{9A19103F-16F7-4668-BE54-9A1E7A4F7556}") = "PolygonTestRectangle", "PolygonTestRectangle\PolygonTestRectangle.csproj", "{0373A760-33FE-4A9E-9791-DA5D8487FA57}"
EndProject
Project("{9A19103F-16F7-4668-BE54-9A1E7A4F7556}") = "PolygonTestTrapezoid", "PolygonTestTrapezoid\PolygonTestTrapezoid.csproj", "{69CEF102-B798-4081-90AC-56860C1005CE}"
EndProject
Project("{2150E333-8FDC-42A3-9474-1A3956D46DE8}") = "2. Code Generation - Direct", "2. Code Generation - Direct", "{5085EE3E-6D58-44C1-84A6-666DE03A10A6}"
EndProject
Project("{FAE04EC0-301F-11D3-BF4B-00C04F79EFBC}") = "GenExampleT4Dynamic", "GenExampleT4Dynamic\GenExampleT4Dynamic.csproj", "{DC9C4743-4C33-4E43-9620-9C8BCAB4DDC8}"
EndProject
Project("{FAE04EC0-301F-11D3-BF4B-00C04F79EFBC}") = "GenExampleDirect", "GenExampleDirect\GenExampleDirect.csproj", "{4C4CA62A-EC84-4DE0-8EB4-26D97AC9A0CB}"
EndProject
Project("{9A19103F-16F7-4668-BE54-9A1E7A4F7556}") = "GeometricModels", "GeometricModels\GeometricModels.csproj", "{46AF2B41-58AC-4279-835F-75DE140E0591}"
EndProject
Project("{9A19103F-16F7-4668-BE54-9A1E7A4F7556}") = "GeometricModelsCore", "GeometricModelsCore\GeometricModelsCore.csproj", "{A4646823-198C-4E1E-B1E4-C8BAFAFC7A68}"
EndProject
Global
	GlobalSection(SolutionConfigurationPlatforms) = preSolution
		Debug|Any CPU = Debug|Any CPU
		Release|Any CPU = Release|Any CPU
	EndGlobalSection
	GlobalSection(ProjectConfigurationPlatforms) = postSolution
		{8B171B42-60C8-4E1E-8ECA-9957F4DD9385}.Debug|Any CPU.ActiveCfg = Debug|Any CPU
		{8B171B42-60C8-4E1E-8ECA-9957F4DD9385}.Debug|Any CPU.Build.0 = Debug|Any CPU
		{8B171B42-60C8-4E1E-8ECA-9957F4DD9385}.Release|Any CPU.ActiveCfg = Release|Any CPU
		{8B171B42-60C8-4E1E-8ECA-9957F4DD9385}.Release|Any CPU.Build.0 = Release|Any CPU
		{E205BB6A-4A0C-4283-987A-1600FB3B8394}.Debug|Any CPU.ActiveCfg = Debug|Any CPU
		{E205BB6A-4A0C-4283-987A-1600FB3B8394}.Debug|Any CPU.Build.0 = Debug|Any CPU
		{E205BB6A-4A0C-4283-987A-1600FB3B8394}.Release|Any CPU.ActiveCfg = Release|Any CPU
		{E205BB6A-4A0C-4283-987A-1600FB3B8394}.Release|Any CPU.Build.0 = Release|Any CPU
		{6B6F5854-7089-442B-8A5F-03054F3A4F63}.Debug|Any CPU.ActiveCfg = Debug|Any CPU
		{6B6F5854-7089-442B-8A5F-03054F3A4F63}.Debug|Any CPU.Build.0 = Debug|Any CPU
		{6B6F5854-7089-442B-8A5F-03054F3A4F63}.Release|Any CPU.ActiveCfg = Release|Any CPU
		{6B6F5854-7089-442B-8A5F-03054F3A4F63}.Release|Any CPU.Build.0 = Release|Any CPU
		{0E7DB009-9FF4-4442-BFEE-0F1DA00EB296}.Debug|Any CPU.ActiveCfg = Debug|Any CPU
		{0E7DB009-9FF4-4442-BFEE-0F1DA00EB296}.Debug|Any CPU.Build.0 = Debug|Any CPU
		{0E7DB009-9FF4-4442-BFEE-0F1DA00EB296}.Release|Any CPU.ActiveCfg = Release|Any CPU
		{0E7DB009-9FF4-4442-BFEE-0F1DA00EB296}.Release|Any CPU.Build.0 = Release|Any CPU
		{B20F22F9-D649-4A1F-A5D4-BFCAA90FD225}.Debug|Any CPU.ActiveCfg = Debug|Any CPU
		{B20F22F9-D649-4A1F-A5D4-BFCAA90FD225}.Debug|Any CPU.Build.0 = Debug|Any CPU
		{B20F22F9-D649-4A1F-A5D4-BFCAA90FD225}.Release|Any CPU.ActiveCfg = Release|Any CPU
		{B20F22F9-D649-4A1F-A5D4-BFCAA90FD225}.Release|Any CPU.Build.0 = Release|Any CPU
		{0373A760-33FE-4A9E-9791-DA5D8487FA57}.Debug|Any CPU.ActiveCfg = Debug|Any CPU
		{0373A760-33FE-4A9E-9791-DA5D8487FA57}.Debug|Any CPU.Build.0 = Debug|Any CPU
		{0373A760-33FE-4A9E-9791-DA5D8487FA57}.Release|Any CPU.ActiveCfg = Release|Any CPU
		{0373A760-33FE-4A9E-9791-DA5D8487FA57}.Release|Any CPU.Build.0 = Release|Any CPU
		{69CEF102-B798-4081-90AC-56860C1005CE}.Debug|Any CPU.ActiveCfg = Debug|Any CPU
		{69CEF102-B798-4081-90AC-56860C1005CE}.Debug|Any CPU.Build.0 = Debug|Any CPU
		{69CEF102-B798-4081-90AC-56860C1005CE}.Release|Any CPU.ActiveCfg = Release|Any CPU
		{69CEF102-B798-4081-90AC-56860C1005CE}.Release|Any CPU.Build.0 = Release|Any CPU
		{DC9C4743-4C33-4E43-9620-9C8BCAB4DDC8}.Debug|Any CPU.ActiveCfg = Debug|Any CPU
		{DC9C4743-4C33-4E43-9620-9C8BCAB4DDC8}.Debug|Any CPU.Build.0 = Debug|Any CPU
		{DC9C4743-4C33-4E43-9620-9C8BCAB4DDC8}.Release|Any CPU.ActiveCfg = Release|Any CPU
		{DC9C4743-4C33-4E43-9620-9C8BCAB4DDC8}.Release|Any CPU.Build.0 = Release|Any CPU
		{4C4CA62A-EC84-4DE0-8EB4-26D97AC9A0CB}.Debug|Any CPU.ActiveCfg = Debug|Any CPU
		{4C4CA62A-EC84-4DE0-8EB4-26D97AC9A0CB}.Debug|Any CPU.Build.0 = Debug|Any CPU
		{4C4CA62A-EC84-4DE0-8EB4-26D97AC9A0CB}.Release|Any CPU.ActiveCfg = Release|Any CPU
		{4C4CA62A-EC84-4DE0-8EB4-26D97AC9A0CB}.Release|Any CPU.Build.0 = Release|Any CPU
		{46AF2B41-58AC-4279-835F-75DE140E0591}.Debug|Any CPU.ActiveCfg = Debug|Any CPU
		{46AF2B41-58AC-4279-835F-75DE140E0591}.Debug|Any CPU.Build.0 = Debug|Any CPU
		{46AF2B41-58AC-4279-835F-75DE140E0591}.Release|Any CPU.ActiveCfg = Release|Any CPU
		{46AF2B41-58AC-4279-835F-75DE140E0591}.Release|Any CPU.Build.0 = Release|Any CPU
		{A4646823-198C-4E1E-B1E4-C8BAFAFC7A68}.Debug|Any CPU.ActiveCfg = Debug|Any CPU
		{A4646823-198C-4E1E-B1E4-C8BAFAFC7A68}.Debug|Any CPU.Build.0 = Debug|Any CPU
		{A4646823-198C-4E1E-B1E4-C8BAFAFC7A68}.Release|Any CPU.ActiveCfg = Release|Any CPU
		{A4646823-198C-4E1E-B1E4-C8BAFAFC7A68}.Release|Any CPU.Build.0 = Release|Any CPU
	EndGlobalSection
	GlobalSection(SolutionProperties) = preSolution
		HideSolutionNode = FALSE
	EndGlobalSection
	GlobalSection(NestedProjects) = preSolution
		{8B171B42-60C8-4E1E-8ECA-9957F4DD9385} = {442E0F95-0276-47F2-8BD7-66133D2A4FFC}
		{E205BB6A-4A0C-4283-987A-1600FB3B8394} = {1533478B-E786-455F-9004-EFA7881063E0}
		{6B6F5854-7089-442B-8A5F-03054F3A4F63} = {1533478B-E786-455F-9004-EFA7881063E0}
		{0E7DB009-9FF4-4442-BFEE-0F1DA00EB296} = {CA6B2D06-CAB2-463F-9572-C7588E1F28A4}
		{442E0F95-0276-47F2-8BD7-66133D2A4FFC} = {AE9198EC-8B3B-43C1-BCEB-B974EEBEA29F}
		{CA6B2D06-CAB2-463F-9572-C7588E1F28A4} = {AE9198EC-8B3B-43C1-BCEB-B974EEBEA29F}
		{B20F22F9-D649-4A1F-A5D4-BFCAA90FD225} = {63DF6499-D32F-465D-B51B-8A95E0FB4469}
		{0373A760-33FE-4A9E-9791-DA5D8487FA57} = {63DF6499-D32F-465D-B51B-8A95E0FB4469}
		{69CEF102-B798-4081-90AC-56860C1005CE} = {63DF6499-D32F-465D-B51B-8A95E0FB4469}
		{DC9C4743-4C33-4E43-9620-9C8BCAB4DDC8} = {CA6B2D06-CAB2-463F-9572-C7588E1F28A4}
		{4C4CA62A-EC84-4DE0-8EB4-26D97AC9A0CB} = {5085EE3E-6D58-44C1-84A6-666DE03A10A6}
		{46AF2B41-58AC-4279-835F-75DE140E0591} = {01EAC29C-B1EA-4F91-81D8-51F3EBAEF56E}
		{A4646823-198C-4E1E-B1E4-C8BAFAFC7A68} = {01EAC29C-B1EA-4F91-81D8-51F3EBAEF56E}
	EndGlobalSection
	GlobalSection(ExtensibilityGlobals) = postSolution
		SolutionGuid = {93086350-2C22-4E2A-A667-2C642C2D1B02}
	EndGlobalSection
EndGlobal
