
Microsoft Visual Studio Solution File, Format Version 12.00
# Visual Studio Version 16
VisualStudioVersion = 16.0.29905.134
MinimumVisualStudioVersion = 10.0.40219.1
Project("{9A19103F-16F7-4668-BE54-9A1E7A4F7556}") = "GenExampleT4", "GenExampleT4\GenExampleT4.csproj", "{8B171B42-60C8-4E1E-8ECA-9957F4DD9385}"
EndProject
Project("{FAE04EC0-301F-11D3-BF4B-00C04F79EFBC}") = "GenExampleCodeDOM", "GenExampleCodeDOM\GenExampleCodeDOM.csproj", "{E205BB6A-4A0C-4283-987A-1600FB3B8394}"
EndProject
Project("{9A19103F-16F7-4668-BE54-9A1E7A4F7556}") = "TargetCodeDOM", "TargetCodeDOM\TargetCodeDOM.csproj", "{6B6F5854-7089-442B-8A5F-03054F3A4F63}"
EndProject
Project("{9A19103F-16F7-4668-BE54-9A1E7A4F7556}") = "GenExampleT4Model", "GenExampleT4Model\GenExampleT4Model.csproj", "{96BA45A0-4F3A-4AFB-871C-10423F4522B6}"
EndProject
Project("{2150E333-8FDC-42A3-9474-1A3956D46DE8}") = "3. Excel  - Code Generation", "3. Excel  - Code Generation", "{63DF6499-D32F-465D-B51B-8A95E0FB4469}"
	ProjectSection(SolutionItems) = preProject
		PolygonCodeGenerator.xlsm = PolygonCodeGenerator.xlsm
	EndProjectSection
EndProject
Project("{FAE04EC0-301F-11D3-BF4B-00C04F79EFBC}") = "GenExampleRuntimeT4", "GenExampleRuntimeT4\GenExampleRuntimeT4.csproj", "{B59CD593-437C-4D5D-A612-0079F84B81C7}"
EndProject
Project("{9A19103F-16F7-4668-BE54-9A1E7A4F7556}") = "TargetRuntimeT4", "TargetRuntimeT4\TargetRuntimeT4.csproj", "{0E7DB009-9FF4-4442-BFEE-0F1DA00EB296}"
EndProject
Project("{2150E333-8FDC-42A3-9474-1A3956D46DE8}") = "1. CodeDOM - Code Generation", "1. CodeDOM - Code Generation", "{1533478B-E786-455F-9004-EFA7881063E0}"
EndProject
Project("{2150E333-8FDC-42A3-9474-1A3956D46DE8}") = "2. T4  - Code Generation", "2. T4  - Code Generation", "{AE9198EC-8B3B-43C1-BCEB-B974EEBEA29F}"
EndProject
Project("{2150E333-8FDC-42A3-9474-1A3956D46DE8}") = "2.1 static", "2.1 static", "{442E0F95-0276-47F2-8BD7-66133D2A4FFC}"
EndProject
Project("{2150E333-8FDC-42A3-9474-1A3956D46DE8}") = "2.2 dynamic", "2.2 dynamic", "{CA6B2D06-CAB2-463F-9572-C7588E1F28A4}"
EndProject
Project("{2150E333-8FDC-42A3-9474-1A3956D46DE8}") = "model", "model", "{01EAC29C-B1EA-4F91-81D8-51F3EBAEF56E}"
EndProject
Project("{FAE04EC0-301F-11D3-BF4B-00C04F79EFBC}") = "PolygonTestCircle", "PolygonTestCircle\PolygonTestCircle.csproj", "{B20F22F9-D649-4A1F-A5D4-BFCAA90FD225}"
EndProject
Project("{FAE04EC0-301F-11D3-BF4B-00C04F79EFBC}") = "PolygonTestRectangle", "PolygonTestRectangle\PolygonTestRectangle.csproj", "{0373A760-33FE-4A9E-9791-DA5D8487FA57}"
EndProject
Project("{FAE04EC0-301F-11D3-BF4B-00C04F79EFBC}") = "PolygonTestTrapezoid", "PolygonTestTrapezoid\PolygonTestTrapezoid.csproj", "{69CEF102-B798-4081-90AC-56860C1005CE}"
EndProject
Global
	GlobalSection(SolutionConfigurationPlatforms) = preSolution
		Debug|Any CPU = Debug|Any CPU
		Release|Any CPU = Release|Any CPU
	EndGlobalSection
	GlobalSection(ProjectConfigurationPlatforms) = postSolution
		{8B171B42-60C8-4E1E-8ECA-9957F4DD9385}.Debug|Any CPU.ActiveCfg = Debug|Any CPU
		{8B171B42-60C8-4E1E-8ECA-9957F4DD9385}.Debug|Any CPU.Build.0 = Debug|Any CPU
		{8B171B42-60C8-4E1E-8ECA-9957F4DD9385}.Release|Any CPU.ActiveCfg = Release|Any CPU
		{8B171B42-60C8-4E1E-8ECA-9957F4DD9385}.Release|Any CPU.Build.0 = Release|Any CPU
		{E205BB6A-4A0C-4283-987A-1600FB3B8394}.Debug|Any CPU.ActiveCfg = Debug|Any CPU
		{E205BB6A-4A0C-4283-987A-1600FB3B8394}.Debug|Any CPU.Build.0 = Debug|Any CPU
		{E205BB6A-4A0C-4283-987A-1600FB3B8394}.Release|Any CPU.ActiveCfg = Release|Any CPU
		{E205BB6A-4A0C-4283-987A-1600FB3B8394}.Release|Any CPU.Build.0 = Release|Any CPU
		{6B6F5854-7089-442B-8A5F-03054F3A4F63}.Debug|Any CPU.ActiveCfg = Debug|Any CPU
		{6B6F5854-7089-442B-8A5F-03054F3A4F63}.Debug|Any CPU.Build.0 = Debug|Any CPU
		{6B6F5854-7089-442B-8A5F-03054F3A4F63}.Release|Any CPU.ActiveCfg = Release|Any CPU
		{6B6F5854-7089-442B-8A5F-03054F3A4F63}.Release|Any CPU.Build.0 = Release|Any CPU
		{96BA45A0-4F3A-4AFB-871C-10423F4522B6}.Debug|Any CPU.ActiveCfg = Debug|Any CPU
		{96BA45A0-4F3A-4AFB-871C-10423F4522B6}.Debug|Any CPU.Build.0 = Debug|Any CPU
		{96BA45A0-4F3A-4AFB-871C-10423F4522B6}.Release|Any CPU.ActiveCfg = Release|Any CPU
		{96BA45A0-4F3A-4AFB-871C-10423F4522B6}.Release|Any CPU.Build.0 = Release|Any CPU
		{B59CD593-437C-4D5D-A612-0079F84B81C7}.Debug|Any CPU.ActiveCfg = Debug|Any CPU
		{B59CD593-437C-4D5D-A612-0079F84B81C7}.Debug|Any CPU.Build.0 = Debug|Any CPU
		{B59CD593-437C-4D5D-A612-0079F84B81C7}.Release|Any CPU.ActiveCfg = Release|Any CPU
		{B59CD593-437C-4D5D-A612-0079F84B81C7}.Release|Any CPU.Build.0 = Release|Any CPU
		{0E7DB009-9FF4-4442-BFEE-0F1DA00EB296}.Debug|Any CPU.ActiveCfg = Debug|Any CPU
		{0E7DB009-9FF4-4442-BFEE-0F1DA00EB296}.Debug|Any CPU.Build.0 = Debug|Any CPU
		{0E7DB009-9FF4-4442-BFEE-0F1DA00EB296}.Release|Any CPU.ActiveCfg = Release|Any CPU
		{0E7DB009-9FF4-4442-BFEE-0F1DA00EB296}.Release|Any CPU.Build.0 = Release|Any CPU
		{B20F22F9-D649-4A1F-A5D4-BFCAA90FD225}.Debug|Any CPU.ActiveCfg = Debug|Any CPU
		{B20F22F9-D649-4A1F-A5D4-BFCAA90FD225}.Debug|Any CPU.Build.0 = Debug|Any CPU
		{B20F22F9-D649-4A1F-A5D4-BFCAA90FD225}.Release|Any CPU.ActiveCfg = Release|Any CPU
		{B20F22F9-D649-4A1F-A5D4-BFCAA90FD225}.Release|Any CPU.Build.0 = Release|Any CPU
		{0373A760-33FE-4A9E-9791-DA5D8487FA57}.Debug|Any CPU.ActiveCfg = Debug|Any CPU
		{0373A760-33FE-4A9E-9791-DA5D8487FA57}.Debug|Any CPU.Build.0 = Debug|Any CPU
		{0373A760-33FE-4A9E-9791-DA5D8487FA57}.Release|Any CPU.ActiveCfg = Release|Any CPU
		{0373A760-33FE-4A9E-9791-DA5D8487FA57}.Release|Any CPU.Build.0 = Release|Any CPU
		{69CEF102-B798-4081-90AC-56860C1005CE}.Debug|Any CPU.ActiveCfg = Debug|Any CPU
		{69CEF102-B798-4081-90AC-56860C1005CE}.Debug|Any CPU.Build.0 = Debug|Any CPU
		{69CEF102-B798-4081-90AC-56860C1005CE}.Release|Any CPU.ActiveCfg = Release|Any CPU
		{69CEF102-B798-4081-90AC-56860C1005CE}.Release|Any CPU.Build.0 = Release|Any CPU
	EndGlobalSection
	GlobalSection(SolutionProperties) = preSolution
		HideSolutionNode = FALSE
	EndGlobalSection
	GlobalSection(NestedProjects) = preSolution
		{8B171B42-60C8-4E1E-8ECA-9957F4DD9385} = {442E0F95-0276-47F2-8BD7-66133D2A4FFC}
		{E205BB6A-4A0C-4283-987A-1600FB3B8394} = {1533478B-E786-455F-9004-EFA7881063E0}
		{6B6F5854-7089-442B-8A5F-03054F3A4F63} = {1533478B-E786-455F-9004-EFA7881063E0}
		{96BA45A0-4F3A-4AFB-871C-10423F4522B6} = {01EAC29C-B1EA-4F91-81D8-51F3EBAEF56E}
		{B59CD593-437C-4D5D-A612-0079F84B81C7} = {CA6B2D06-CAB2-463F-9572-C7588E1F28A4}
		{0E7DB009-9FF4-4442-BFEE-0F1DA00EB296} = {CA6B2D06-CAB2-463F-9572-C7588E1F28A4}
		{442E0F95-0276-47F2-8BD7-66133D2A4FFC} = {AE9198EC-8B3B-43C1-BCEB-B974EEBEA29F}
		{CA6B2D06-CAB2-463F-9572-C7588E1F28A4} = {AE9198EC-8B3B-43C1-BCEB-B974EEBEA29F}
		{01EAC29C-B1EA-4F91-81D8-51F3EBAEF56E} = {AE9198EC-8B3B-43C1-BCEB-B974EEBEA29F}
		{B20F22F9-D649-4A1F-A5D4-BFCAA90FD225} = {63DF6499-D32F-465D-B51B-8A95E0FB4469}
		{0373A760-33FE-4A9E-9791-DA5D8487FA57} = {63DF6499-D32F-465D-B51B-8A95E0FB4469}
		{69CEF102-B798-4081-90AC-56860C1005CE} = {63DF6499-D32F-465D-B51B-8A95E0FB4469}
	EndGlobalSection
	GlobalSection(ExtensibilityGlobals) = postSolution
		SolutionGuid = {93086350-2C22-4E2A-A667-2C642C2D1B02}
	EndGlobalSection
EndGlobal
